// !$*UTF8*$!
{
	archiveVersion = 1;
	classes = {
	};
	objectVersion = 55;
	objects = {

/* Begin PBXBuildFile section */
		7C5A735D2854CA2000082C50 /* main.cpp in Sources */ = {isa = PBXBuildFile; fileRef = 7C5A735C2854CA2000082C50 /* main.cpp */; };
		7C5A73752854D40C00082C50 /* libsfml-graphics.dylib in Frameworks */ = {isa = PBXBuildFile; fileRef = 7C5A736F2854CEF600082C50 /* libsfml-graphics.dylib */; };
		7C5A73762854D41600082C50 /* libsfml-window.dylib in Frameworks */ = {isa = PBXBuildFile; fileRef = 7C5A73712854CF0100082C50 /* libsfml-window.dylib */; };
		7C5A73772854D42000082C50 /* libsfml-system.dylib in Frameworks */ = {isa = PBXBuildFile; fileRef = 7C5A73732854CF0A00082C50 /* libsfml-system.dylib */; };
		7C5A73792854D42800082C50 /* libsfml-network.dylib in Frameworks */ = {isa = PBXBuildFile; fileRef = 7C5A73782854D42800082C50 /* libsfml-network.dylib */; };
		7C5A737B2854D43100082C50 /* libsfml-audio.dylib in Frameworks */ = {isa = PBXBuildFile; fileRef = 7C5A737A2854D43100082C50 /* libsfml-audio.dylib */; };
		7C5A737E2854D46700082C50 /* Client.cpp in Sources */ = {isa = PBXBuildFile; fileRef = 7C5A737C2854D46700082C50 /* Client.cpp */; };
		7C5A73802854D80B00082C50 /* GameRules.hpp in Sources */ = {isa = PBXBuildFile; fileRef = 7C5A737F2854D80B00082C50 /* GameRules.hpp */; };
		7C5A73832854F40000082C50 /* ClientServer.cpp in Sources */ = {isa = PBXBuildFile; fileRef = 7C5A73812854F40000082C50 /* ClientServer.cpp */; };
		7C5A738F2855CDA000082C50 /* GameObject.cpp in Sources */ = {isa = PBXBuildFile; fileRef = 7C5A738D2855CDA000082C50 /* GameObject.cpp */; };
		7C81A6542858C119002CA0C5 /* GameRules.cpp in Sources */ = {isa = PBXBuildFile; fileRef = 7C81A6532858C119002CA0C5 /* GameRules.cpp */; };
		7C9C96F62860572D00148F6B /* Game.cpp in Sources */ = {isa = PBXBuildFile; fileRef = 7C9C96F42860572D00148F6B /* Game.cpp */; };
		7CC762A62863467800F90DC4 /* ConnectionManager.cpp in Sources */ = {isa = PBXBuildFile; fileRef = 7CC762A42863467800F90DC4 /* ConnectionManager.cpp */; };
		7CC762A92863468400F90DC4 /* Connection.cpp in Sources */ = {isa = PBXBuildFile; fileRef = 7CC762A72863468400F90DC4 /* Connection.cpp */; };
		7CC9EECF285B435100299485 /* InboundPacketReader.cpp in Sources */ = {isa = PBXBuildFile; fileRef = 7CC9EECD285B435100299485 /* InboundPacketReader.cpp */; };
		7CC9EED8285B632600299485 /* OutboundPacketWriter.cpp in Sources */ = {isa = PBXBuildFile; fileRef = 7CC9EED6285B632600299485 /* OutboundPacketWriter.cpp */; };
/* End PBXBuildFile section */

/* Begin PBXCopyFilesBuildPhase section */
		7C5A73572854CA2000082C50 /* CopyFiles */ = {
			isa = PBXCopyFilesBuildPhase;
			buildActionMask = 2147483647;
			dstPath = /usr/share/man/man1/;
			dstSubfolderSpec = 0;
			files = (
			);
			runOnlyForDeploymentPostprocessing = 1;
		};
/* End PBXCopyFilesBuildPhase section */

/* Begin PBXFileReference section */
		7C5A73592854CA2000082C50 /* MultiplayerPong */ = {isa = PBXFileReference; explicitFileType = "compiled.mach-o.executable"; includeInIndex = 0; path = MultiplayerPong; sourceTree = BUILT_PRODUCTS_DIR; };
		7C5A735C2854CA2000082C50 /* main.cpp */ = {isa = PBXFileReference; lastKnownFileType = sourcecode.cpp.cpp; path = main.cpp; sourceTree = "<group>"; };
		7C5A73642854CD9D00082C50 /* Personal */ = {isa = PBXFileReference; lastKnownFileType = folder; name = Personal; path = ..; sourceTree = "<group>"; };
		7C5A73652854CDB900082C50 /* libsfml-graphics.3.0.0.dylib */ = {isa = PBXFileReference; lastKnownFileType = "compiled.mach-o.dylib"; name = "libsfml-graphics.3.0.0.dylib"; path = "../../Libraries/SFML/build/lib/libsfml-graphics.3.0.0.dylib"; sourceTree = "<group>"; };
		7C5A73692854CDC800082C50 /* libsfml-window.3.0.0.dylib */ = {isa = PBXFileReference; lastKnownFileType = "compiled.mach-o.dylib"; name = "libsfml-window.3.0.0.dylib"; path = "../../Libraries/SFML/build/lib/libsfml-window.3.0.0.dylib"; sourceTree = "<group>"; };
		7C5A736C2854CDD400082C50 /* libsfml-system.3.0.0.dylib */ = {isa = PBXFileReference; lastKnownFileType = "compiled.mach-o.dylib"; name = "libsfml-system.3.0.0.dylib"; path = "../../Libraries/SFML/build/lib/libsfml-system.3.0.0.dylib"; sourceTree = "<group>"; };
		7C5A736F2854CEF600082C50 /* libsfml-graphics.dylib */ = {isa = PBXFileReference; lastKnownFileType = "compiled.mach-o.dylib"; path = "libsfml-graphics.dylib"; sourceTree = "<group>"; };
		7C5A73712854CF0100082C50 /* libsfml-window.dylib */ = {isa = PBXFileReference; lastKnownFileType = "compiled.mach-o.dylib"; path = "libsfml-window.dylib"; sourceTree = "<group>"; };
		7C5A73732854CF0A00082C50 /* libsfml-system.dylib */ = {isa = PBXFileReference; lastKnownFileType = "compiled.mach-o.dylib"; path = "libsfml-system.dylib"; sourceTree = "<group>"; };
		7C5A73782854D42800082C50 /* libsfml-network.dylib */ = {isa = PBXFileReference; lastKnownFileType = "compiled.mach-o.dylib"; path = "libsfml-network.dylib"; sourceTree = "<group>"; };
		7C5A737A2854D43100082C50 /* libsfml-audio.dylib */ = {isa = PBXFileReference; lastKnownFileType = "compiled.mach-o.dylib"; path = "libsfml-audio.dylib"; sourceTree = "<group>"; };
		7C5A737C2854D46700082C50 /* Client.cpp */ = {isa = PBXFileReference; lastKnownFileType = sourcecode.cpp.cpp; path = Client.cpp; sourceTree = "<group>"; };
		7C5A737D2854D46700082C50 /* Client.hpp */ = {isa = PBXFileReference; lastKnownFileType = sourcecode.cpp.h; path = Client.hpp; sourceTree = "<group>"; };
		7C5A737F2854D80B00082C50 /* GameRules.hpp */ = {isa = PBXFileReference; lastKnownFileType = sourcecode.cpp.h; path = GameRules.hpp; sourceTree = "<group>"; };
		7C5A73812854F40000082C50 /* ClientServer.cpp */ = {isa = PBXFileReference; lastKnownFileType = sourcecode.cpp.cpp; path = ClientServer.cpp; sourceTree = "<group>"; };
		7C5A73822854F40000082C50 /* ClientServer.hpp */ = {isa = PBXFileReference; lastKnownFileType = sourcecode.cpp.h; path = ClientServer.hpp; sourceTree = "<group>"; };
		7C5A738D2855CDA000082C50 /* GameObject.cpp */ = {isa = PBXFileReference; lastKnownFileType = sourcecode.cpp.cpp; path = GameObject.cpp; sourceTree = "<group>"; };
		7C5A738E2855CDA000082C50 /* GameObject.hpp */ = {isa = PBXFileReference; lastKnownFileType = sourcecode.cpp.h; path = GameObject.hpp; sourceTree = "<group>"; };
		7C5A73912856167500082C50 /* GameObject.inl */ = {isa = PBXFileReference; lastKnownFileType = text; path = GameObject.inl; sourceTree = "<group>"; };
		7C81A6532858C119002CA0C5 /* GameRules.cpp */ = {isa = PBXFileReference; lastKnownFileType = sourcecode.cpp.cpp; path = GameRules.cpp; sourceTree = "<group>"; };
		7C9C96F42860572D00148F6B /* Game.cpp */ = {isa = PBXFileReference; lastKnownFileType = sourcecode.cpp.cpp; path = Game.cpp; sourceTree = "<group>"; };
		7C9C96F52860572D00148F6B /* Game.hpp */ = {isa = PBXFileReference; lastKnownFileType = sourcecode.cpp.h; path = Game.hpp; sourceTree = "<group>"; };
		7CAAD4BC285C67AA00E190E9 /* GameState.hpp */ = {isa = PBXFileReference; lastKnownFileType = sourcecode.cpp.h; path = GameState.hpp; sourceTree = "<group>"; };
		7CC762A42863467800F90DC4 /* ConnectionManager.cpp */ = {isa = PBXFileReference; lastKnownFileType = sourcecode.cpp.cpp; path = ConnectionManager.cpp; sourceTree = "<group>"; };
		7CC762A52863467800F90DC4 /* ConnectionManager.hpp */ = {isa = PBXFileReference; lastKnownFileType = sourcecode.cpp.h; path = ConnectionManager.hpp; sourceTree = "<group>"; };
		7CC762A72863468400F90DC4 /* Connection.cpp */ = {isa = PBXFileReference; lastKnownFileType = sourcecode.cpp.cpp; path = Connection.cpp; sourceTree = "<group>"; };
		7CC762A82863468400F90DC4 /* Connection.hpp */ = {isa = PBXFileReference; lastKnownFileType = sourcecode.cpp.h; path = Connection.hpp; sourceTree = "<group>"; };
		7CC9EECD285B435100299485 /* InboundPacketReader.cpp */ = {isa = PBXFileReference; lastKnownFileType = sourcecode.cpp.cpp; path = InboundPacketReader.cpp; sourceTree = "<group>"; };
		7CC9EECE285B435100299485 /* InboundPacketReader.hpp */ = {isa = PBXFileReference; lastKnownFileType = sourcecode.cpp.h; path = InboundPacketReader.hpp; sourceTree = "<group>"; };
		7CC9EED1285B47FB00299485 /* NetworkAddress.hpp */ = {isa = PBXFileReference; lastKnownFileType = sourcecode.cpp.h; path = NetworkAddress.hpp; sourceTree = "<group>"; };
		7CC9EED4285B4A4200299485 /* PacketInfo.hpp */ = {isa = PBXFileReference; lastKnownFileType = sourcecode.cpp.h; path = PacketInfo.hpp; sourceTree = "<group>"; };
		7CC9EED6285B632600299485 /* OutboundPacketWriter.cpp */ = {isa = PBXFileReference; lastKnownFileType = sourcecode.cpp.cpp; path = OutboundPacketWriter.cpp; sourceTree = "<group>"; };
		7CC9EED7285B632600299485 /* OutboundPacketWriter.hpp */ = {isa = PBXFileReference; lastKnownFileType = sourcecode.cpp.h; path = OutboundPacketWriter.hpp; sourceTree = "<group>"; };
/* End PBXFileReference section */

/* Begin PBXFrameworksBuildPhase section */
		7C5A73562854CA2000082C50 /* Frameworks */ = {
			isa = PBXFrameworksBuildPhase;
			buildActionMask = 2147483647;
			files = (
				7C5A737B2854D43100082C50 /* libsfml-audio.dylib in Frameworks */,
				7C5A73792854D42800082C50 /* libsfml-network.dylib in Frameworks */,
				7C5A73772854D42000082C50 /* libsfml-system.dylib in Frameworks */,
				7C5A73762854D41600082C50 /* libsfml-window.dylib in Frameworks */,
				7C5A73752854D40C00082C50 /* libsfml-graphics.dylib in Frameworks */,
			);
			runOnlyForDeploymentPostprocessing = 0;
		};
/* End PBXFrameworksBuildPhase section */

/* Begin PBXGroup section */
		7C5A73502854CA2000082C50 = {
			isa = PBXGroup;
			children = (
				7C5A735B2854CA2000082C50 /* MultiplayerPong */,
				7C5A735A2854CA2000082C50 /* Products */,
				7C5A73632854CD9D00082C50 /* Frameworks */,
			);
			sourceTree = "<group>";
		};
		7C5A735A2854CA2000082C50 /* Products */ = {
			isa = PBXGroup;
			children = (
				7C5A73592854CA2000082C50 /* MultiplayerPong */,
			);
			name = Products;
			sourceTree = "<group>";
		};
		7C5A735B2854CA2000082C50 /* MultiplayerPong */ = {
			isa = PBXGroup;
			children = (
				7CC762A32863464F00F90DC4 /* NewNetworkingTest */,
				7C5A735C2854CA2000082C50 /* main.cpp */,
				7C9C96F52860572D00148F6B /* Game.hpp */,
				7C9C96F42860572D00148F6B /* Game.cpp */,
				7CAAD4BC285C67AA00E190E9 /* GameState.hpp */,
				7C5A73822854F40000082C50 /* ClientServer.hpp */,
				7C5A73812854F40000082C50 /* ClientServer.cpp */,
				7C5A737D2854D46700082C50 /* Client.hpp */,
				7C5A737C2854D46700082C50 /* Client.cpp */,
				7C5A737F2854D80B00082C50 /* GameRules.hpp */,
				7C81A6532858C119002CA0C5 /* GameRules.cpp */,
				7C5A738E2855CDA000082C50 /* GameObject.hpp */,
				7C5A73912856167500082C50 /* GameObject.inl */,
				7C5A738D2855CDA000082C50 /* GameObject.cpp */,
				7CC9EECE285B435100299485 /* InboundPacketReader.hpp */,
				7CC9EECD285B435100299485 /* InboundPacketReader.cpp */,
				7CC9EED7285B632600299485 /* OutboundPacketWriter.hpp */,
				7CC9EED6285B632600299485 /* OutboundPacketWriter.cpp */,
				7CC9EED4285B4A4200299485 /* PacketInfo.hpp */,
				7CC9EED1285B47FB00299485 /* NetworkAddress.hpp */,
			);
			path = MultiplayerPong;
			sourceTree = "<group>";
		};
		7C5A73632854CD9D00082C50 /* Frameworks */ = {
			isa = PBXGroup;
			children = (
				7C5A737A2854D43100082C50 /* libsfml-audio.dylib */,
				7C5A73782854D42800082C50 /* libsfml-network.dylib */,
				7C5A73732854CF0A00082C50 /* libsfml-system.dylib */,
				7C5A73712854CF0100082C50 /* libsfml-window.dylib */,
				7C5A736F2854CEF600082C50 /* libsfml-graphics.dylib */,
				7C5A736C2854CDD400082C50 /* libsfml-system.3.0.0.dylib */,
				7C5A73692854CDC800082C50 /* libsfml-window.3.0.0.dylib */,
				7C5A73652854CDB900082C50 /* libsfml-graphics.3.0.0.dylib */,
				7C5A73642854CD9D00082C50 /* Personal */,
			);
			name = Frameworks;
			sourceTree = "<group>";
		};
		7CC762A32863464F00F90DC4 /* NewNetworkingTest */ = {
			isa = PBXGroup;
			children = (
				7CC762A42863467800F90DC4 /* ConnectionManager.cpp */,
				7CC762A52863467800F90DC4 /* ConnectionManager.hpp */,
				7CC762A72863468400F90DC4 /* Connection.cpp */,
				7CC762A82863468400F90DC4 /* Connection.hpp */,
			);
			path = NewNetworkingTest;
			sourceTree = "<group>";
		};
/* End PBXGroup section */

/* Begin PBXNativeTarget section */
		7C5A73582854CA2000082C50 /* MultiplayerPong */ = {
			isa = PBXNativeTarget;
			buildConfigurationList = 7C5A73602854CA2000082C50 /* Build configuration list for PBXNativeTarget "MultiplayerPong" */;
			buildPhases = (
				7C5A73552854CA2000082C50 /* Sources */,
				7C5A73562854CA2000082C50 /* Frameworks */,
				7C5A73572854CA2000082C50 /* CopyFiles */,
			);
			buildRules = (
			);
			dependencies = (
			);
			name = MultiplayerPong;
			productName = MultiplayerPong;
			productReference = 7C5A73592854CA2000082C50 /* MultiplayerPong */;
			productType = "com.apple.product-type.tool";
		};
/* End PBXNativeTarget section */

/* Begin PBXProject section */
		7C5A73512854CA2000082C50 /* Project object */ = {
			isa = PBXProject;
			attributes = {
				BuildIndependentTargetsInParallel = 1;
				LastUpgradeCheck = 1340;
				TargetAttributes = {
					7C5A73582854CA2000082C50 = {
						CreatedOnToolsVersion = 13.4.1;
					};
				};
			};
			buildConfigurationList = 7C5A73542854CA2000082C50 /* Build configuration list for PBXProject "MultiplayerPong" */;
			compatibilityVersion = "Xcode 13.0";
			developmentRegion = en;
			hasScannedForEncodings = 0;
			knownRegions = (
				en,
				Base,
			);
			mainGroup = 7C5A73502854CA2000082C50;
			productRefGroup = 7C5A735A2854CA2000082C50 /* Products */;
			projectDirPath = "";
			projectRoot = "";
			targets = (
				7C5A73582854CA2000082C50 /* MultiplayerPong */,
			);
		};
/* End PBXProject section */

/* Begin PBXSourcesBuildPhase section */
		7C5A73552854CA2000082C50 /* Sources */ = {
			isa = PBXSourcesBuildPhase;
			buildActionMask = 2147483647;
			files = (
				7C9C96F62860572D00148F6B /* Game.cpp in Sources */,
				7C5A737E2854D46700082C50 /* Client.cpp in Sources */,
				7C5A735D2854CA2000082C50 /* main.cpp in Sources */,
				7C5A73802854D80B00082C50 /* GameRules.hpp in Sources */,
				7C5A73832854F40000082C50 /* ClientServer.cpp in Sources */,
				7C5A738F2855CDA000082C50 /* GameObject.cpp in Sources */,
				7C81A6542858C119002CA0C5 /* GameRules.cpp in Sources */,
				7CC9EED8285B632600299485 /* OutboundPacketWriter.cpp in Sources */,
				7CC9EECF285B435100299485 /* InboundPacketReader.cpp in Sources */,
				7CC762A92863468400F90DC4 /* Connection.cpp in Sources */,
				7CC762A62863467800F90DC4 /* ConnectionManager.cpp in Sources */,
			);
			runOnlyForDeploymentPostprocessing = 0;
		};
/* End PBXSourcesBuildPhase section */

/* Begin XCBuildConfiguration section */
		7C5A735E2854CA2000082C50 /* Debug */ = {
			isa = XCBuildConfiguration;
			buildSettings = {
				ALWAYS_SEARCH_USER_PATHS = NO;
				CLANG_ANALYZER_NONNULL = YES;
				CLANG_ANALYZER_NUMBER_OBJECT_CONVERSION = YES_AGGRESSIVE;
				CLANG_CXX_LANGUAGE_STANDARD = "gnu++17";
				CLANG_ENABLE_MODULES = YES;
				CLANG_ENABLE_OBJC_ARC = YES;
				CLANG_ENABLE_OBJC_WEAK = YES;
				CLANG_WARN_BLOCK_CAPTURE_AUTORELEASING = YES;
				CLANG_WARN_BOOL_CONVERSION = YES;
				CLANG_WARN_COMMA = YES;
				CLANG_WARN_CONSTANT_CONVERSION = YES;
				CLANG_WARN_DEPRECATED_OBJC_IMPLEMENTATIONS = YES;
				CLANG_WARN_DIRECT_OBJC_ISA_USAGE = YES_ERROR;
				CLANG_WARN_DOCUMENTATION_COMMENTS = YES;
				CLANG_WARN_EMPTY_BODY = YES;
				CLANG_WARN_ENUM_CONVERSION = YES;
				CLANG_WARN_INFINITE_RECURSION = YES;
				CLANG_WARN_INT_CONVERSION = YES;
				CLANG_WARN_NON_LITERAL_NULL_CONVERSION = YES;
				CLANG_WARN_OBJC_IMPLICIT_RETAIN_SELF = YES;
				CLANG_WARN_OBJC_LITERAL_CONVERSION = YES;
				CLANG_WARN_OBJC_ROOT_CLASS = YES_ERROR;
				CLANG_WARN_QUOTED_INCLUDE_IN_FRAMEWORK_HEADER = YES;
				CLANG_WARN_RANGE_LOOP_ANALYSIS = YES;
				CLANG_WARN_STRICT_PROTOTYPES = YES;
				CLANG_WARN_SUSPICIOUS_MOVE = YES;
				CLANG_WARN_UNGUARDED_AVAILABILITY = YES_AGGRESSIVE;
				CLANG_WARN_UNREACHABLE_CODE = YES;
				CLANG_WARN__DUPLICATE_METHOD_MATCH = YES;
				COPY_PHASE_STRIP = NO;
				DEBUG_INFORMATION_FORMAT = dwarf;
				ENABLE_STRICT_OBJC_MSGSEND = YES;
				ENABLE_TESTABILITY = YES;
				GCC_C_LANGUAGE_STANDARD = gnu11;
				GCC_DYNAMIC_NO_PIC = NO;
				GCC_NO_COMMON_BLOCKS = YES;
				GCC_OPTIMIZATION_LEVEL = 0;
				GCC_PREPROCESSOR_DEFINITIONS = (
					"DEBUG=1",
					"$(inherited)",
				);
				GCC_WARN_64_TO_32_BIT_CONVERSION = YES;
				GCC_WARN_ABOUT_RETURN_TYPE = YES_ERROR;
				GCC_WARN_UNDECLARED_SELECTOR = YES;
				GCC_WARN_UNINITIALIZED_AUTOS = YES_AGGRESSIVE;
				GCC_WARN_UNUSED_FUNCTION = YES;
				GCC_WARN_UNUSED_VARIABLE = YES;
				MACOSX_DEPLOYMENT_TARGET = 12.2;
				MTL_ENABLE_DEBUG_INFO = INCLUDE_SOURCE;
				MTL_FAST_MATH = YES;
				ONLY_ACTIVE_ARCH = YES;
				SDKROOT = macosx;
			};
			name = Debug;
		};
		7C5A735F2854CA2000082C50 /* Release */ = {
			isa = XCBuildConfiguration;
			buildSettings = {
				ALWAYS_SEARCH_USER_PATHS = NO;
				CLANG_ANALYZER_NONNULL = YES;
				CLANG_ANALYZER_NUMBER_OBJECT_CONVERSION = YES_AGGRESSIVE;
				CLANG_CXX_LANGUAGE_STANDARD = "gnu++17";
				CLANG_ENABLE_MODULES = YES;
				CLANG_ENABLE_OBJC_ARC = YES;
				CLANG_ENABLE_OBJC_WEAK = YES;
				CLANG_WARN_BLOCK_CAPTURE_AUTORELEASING = YES;
				CLANG_WARN_BOOL_CONVERSION = YES;
				CLANG_WARN_COMMA = YES;
				CLANG_WARN_CONSTANT_CONVERSION = YES;
				CLANG_WARN_DEPRECATED_OBJC_IMPLEMENTATIONS = YES;
				CLANG_WARN_DIRECT_OBJC_ISA_USAGE = YES_ERROR;
				CLANG_WARN_DOCUMENTATION_COMMENTS = YES;
				CLANG_WARN_EMPTY_BODY = YES;
				CLANG_WARN_ENUM_CONVERSION = YES;
				CLANG_WARN_INFINITE_RECURSION = YES;
				CLANG_WARN_INT_CONVERSION = YES;
				CLANG_WARN_NON_LITERAL_NULL_CONVERSION = YES;
				CLANG_WARN_OBJC_IMPLICIT_RETAIN_SELF = YES;
				CLANG_WARN_OBJC_LITERAL_CONVERSION = YES;
				CLANG_WARN_OBJC_ROOT_CLASS = YES_ERROR;
				CLANG_WARN_QUOTED_INCLUDE_IN_FRAMEWORK_HEADER = YES;
				CLANG_WARN_RANGE_LOOP_ANALYSIS = YES;
				CLANG_WARN_STRICT_PROTOTYPES = YES;
				CLANG_WARN_SUSPICIOUS_MOVE = YES;
				CLANG_WARN_UNGUARDED_AVAILABILITY = YES_AGGRESSIVE;
				CLANG_WARN_UNREACHABLE_CODE = YES;
				CLANG_WARN__DUPLICATE_METHOD_MATCH = YES;
				COPY_PHASE_STRIP = NO;
				DEBUG_INFORMATION_FORMAT = "dwarf-with-dsym";
				ENABLE_NS_ASSERTIONS = NO;
				ENABLE_STRICT_OBJC_MSGSEND = YES;
				GCC_C_LANGUAGE_STANDARD = gnu11;
				GCC_NO_COMMON_BLOCKS = YES;
				GCC_WARN_64_TO_32_BIT_CONVERSION = YES;
				GCC_WARN_ABOUT_RETURN_TYPE = YES_ERROR;
				GCC_WARN_UNDECLARED_SELECTOR = YES;
				GCC_WARN_UNINITIALIZED_AUTOS = YES_AGGRESSIVE;
				GCC_WARN_UNUSED_FUNCTION = YES;
				GCC_WARN_UNUSED_VARIABLE = YES;
				MACOSX_DEPLOYMENT_TARGET = 12.2;
				MTL_ENABLE_DEBUG_INFO = NO;
				MTL_FAST_MATH = YES;
				SDKROOT = macosx;
			};
			name = Release;
		};
		7C5A73612854CA2000082C50 /* Debug */ = {
			isa = XCBuildConfiguration;
			buildSettings = {
				CLANG_CXX_LANGUAGE_STANDARD = "gnu++17";
				CODE_SIGN_STYLE = Automatic;
				HEADER_SEARCH_PATHS = /Users/rmrvar/Source/Libraries/SFML/include;
				LD_RUNPATH_SEARCH_PATHS = /Users/rmrvar/Source/Libraries/SFML/build/lib;
				LIBRARY_SEARCH_PATHS = (
					"$(PROJECT_DIR)",
					/Users/rmrvar/Source/Libraries/SFML/build/lib,
				);
				OTHER_LDFLAGS = "";
				PRODUCT_NAME = "$(TARGET_NAME)";
			};
			name = Debug;
		};
		7C5A73622854CA2000082C50 /* Release */ = {
			isa = XCBuildConfiguration;
			buildSettings = {
				CLANG_CXX_LANGUAGE_STANDARD = "gnu++17";
				CODE_SIGN_STYLE = Automatic;
				HEADER_SEARCH_PATHS = /Users/rmrvar/Source/Libraries/SFML/include;
				LD_RUNPATH_SEARCH_PATHS = /Users/rmrvar/Source/Libraries/SFML/build/lib;
				LIBRARY_SEARCH_PATHS = (
					"$(PROJECT_DIR)",
					/Users/rmrvar/Source/Libraries/SFML/build/lib,
				);
				OTHER_LDFLAGS = "";
				PRODUCT_NAME = "$(TARGET_NAME)";
			};
			name = Release;
		};
/* End XCBuildConfiguration section */

/* Begin XCConfigurationList section */
		7C5A73542854CA2000082C50 /* Build configuration list for PBXProject "MultiplayerPong" */ = {
			isa = XCConfigurationList;
			buildConfigurations = (
				7C5A735E2854CA2000082C50 /* Debug */,
				7C5A735F2854CA2000082C50 /* Release */,
			);
			defaultConfigurationIsVisible = 0;
			defaultConfigurationName = Release;
		};
		7C5A73602854CA2000082C50 /* Build configuration list for PBXNativeTarget "MultiplayerPong" */ = {
			isa = XCConfigurationList;
			buildConfigurations = (
				7C5A73612854CA2000082C50 /* Debug */,
				7C5A73622854CA2000082C50 /* Release */,
			);
			defaultConfigurationIsVisible = 0;
			defaultConfigurationName = Release;
		};
/* End XCConfigurationList section */
	};
	rootObject = 7C5A73512854CA2000082C50 /* Project object */;
}
